
Microsoft Visual Studio Solution File, Format Version 12.00
# Visual Studio Version 17
VisualStudioVersion = 17.1.32228.430
MinimumVisualStudioVersion = 10.0.40219.1
Project("{FAE04EC0-301F-11D3-BF4B-00C04F79EFBC}") = "ExpenseManagerDesktop", "ExpenseManagerDesktop\ExpenseManagerDesktop.csproj", "{A37642F5-F673-4DDC-9C5B-967BCAEBF081}"
EndProject
Project("{FAE04EC0-301F-11D3-BF4B-00C04F79EFBC}") = "ExpenseManagerDesktop.Domain", "ExpenseManagerDesktop.Domain\ExpenseManagerDesktop.Domain.csproj", "{1F16B33D-C646-475B-BB0F-E3191E7F9396}"
EndProject
Project("{FAE04EC0-301F-11D3-BF4B-00C04F79EFBC}") = "ExpenseManagerDesktop.Services", "ExpenseManagerDesktop.Services\ExpenseManagerDesktop.Services.csproj", "{CC51956B-CE11-45EE-8035-752110168E4B}"
EndProject
Project("{FAE04EC0-301F-11D3-BF4B-00C04F79EFBC}") = "ExpenseManagerDesktop.Infra", "ExpenseManagerDesktop.Infra\ExpenseManagerDesktop.Infra.csproj", "{CF5337D2-1A60-4E5B-A8F1-2ABB032F7A1D}"
EndProject
Global
	GlobalSection(SolutionConfigurationPlatforms) = preSolution
		Debug|Any CPU = Debug|Any CPU
		Release|Any CPU = Release|Any CPU
	EndGlobalSection
	GlobalSection(ProjectConfigurationPlatforms) = postSolution
		{A37642F5-F673-4DDC-9C5B-967BCAEBF081}.Debug|Any CPU.ActiveCfg = Debug|Any CPU
		{A37642F5-F673-4DDC-9C5B-967BCAEBF081}.Debug|Any CPU.Build.0 = Debug|Any CPU
		{A37642F5-F673-4DDC-9C5B-967BCAEBF081}.Release|Any CPU.ActiveCfg = Release|Any CPU
		{A37642F5-F673-4DDC-9C5B-967BCAEBF081}.Release|Any CPU.Build.0 = Release|Any CPU
		{1F16B33D-C646-475B-BB0F-E3191E7F9396}.Debug|Any CPU.ActiveCfg = Debug|Any CPU
		{1F16B33D-C646-475B-BB0F-E3191E7F9396}.Debug|Any CPU.Build.0 = Debug|Any CPU
		{1F16B33D-C646-475B-BB0F-E3191E7F9396}.Release|Any CPU.ActiveCfg = Release|Any CPU
		{1F16B33D-C646-475B-BB0F-E3191E7F9396}.Release|Any CPU.Build.0 = Release|Any CPU
		{CC51956B-CE11-45EE-8035-752110168E4B}.Debug|Any CPU.ActiveCfg = Debug|Any CPU
		{CC51956B-CE11-45EE-8035-752110168E4B}.Debug|Any CPU.Build.0 = Debug|Any CPU
		{CC51956B-CE11-45EE-8035-752110168E4B}.Release|Any CPU.ActiveCfg = Release|Any CPU
		{CC51956B-CE11-45EE-8035-752110168E4B}.Release|Any CPU.Build.0 = Release|Any CPU
		{CF5337D2-1A60-4E5B-A8F1-2ABB032F7A1D}.Debug|Any CPU.ActiveCfg = Debug|Any CPU
		{CF5337D2-1A60-4E5B-A8F1-2ABB032F7A1D}.Debug|Any CPU.Build.0 = Debug|Any CPU
		{CF5337D2-1A60-4E5B-A8F1-2ABB032F7A1D}.Release|Any CPU.ActiveCfg = Release|Any CPU
		{CF5337D2-1A60-4E5B-A8F1-2ABB032F7A1D}.Release|Any CPU.Build.0 = Release|Any CPU
	EndGlobalSection
	GlobalSection(SolutionProperties) = preSolution
		HideSolutionNode = FALSE
	EndGlobalSection
	GlobalSection(ExtensibilityGlobals) = postSolution
		SolutionGuid = {A67EFADF-7FA3-4BFE-B2B0-6F23CB60999B}
	EndGlobalSection
EndGlobal
